
Microsoft Visual Studio Solution File, Format Version 12.00
# Visual Studio Version 17
VisualStudioVersion = 17.14.36414.22 d17.14
MinimumVisualStudioVersion = 10.0.40219.1
Project("{FAE04EC0-301F-11D3-BF4B-00C04F79EFBC}") = "Wpf-test", "Wpf-test.csproj", "{78077906-4C19-49DF-8DDC-9891286A1D73}"
EndProject
Global
	GlobalSection(SolutionConfigurationPlatforms) = preSolution
		Debug|Any CPU = Debug|Any CPU
		Release|Any CPU = Release|Any CPU
	EndGlobalSection
	GlobalSection(ProjectConfigurationPlatforms) = postSolution
		{78077906-4C19-49DF-8DDC-9891286A1D73}.Debug|Any CPU.ActiveCfg = Debug|Any CPU
		{78077906-4C19-49DF-8DDC-9891286A1D73}.Debug|Any CPU.Build.0 = Debug|Any CPU
		{78077906-4C19-49DF-8DDC-9891286A1D73}.Release|Any CPU.ActiveCfg = Release|Any CPU
		{78077906-4C19-49DF-8DDC-9891286A1D73}.Release|Any CPU.Build.0 = Release|Any CPU
	EndGlobalSection
	GlobalSection(SolutionProperties) = preSolution
		HideSolutionNode = FALSE
	EndGlobalSection
	GlobalSection(ExtensibilityGlobals) = postSolution
		SolutionGuid = {04BD71F8-36B6-4FCA-AFCB-8E2B22D897A8}
	EndGlobalSection
EndGlobal
